
Microsoft Visual Studio Solution File, Format Version 12.00
# Visual Studio Version 16
VisualStudioVersion = 16.0.30804.86
MinimumVisualStudioVersion = 10.0.40219.1
Project("{FAE04EC0-301F-11D3-BF4B-00C04F79EFBC}") = "ChatServer", "ChatServer\ChatServer.csproj", "{F8ACDA46-3C9F-4927-BD88-8F8F2839E282}"
EndProject
Global
	GlobalSection(SolutionConfigurationPlatforms) = preSolution
		Debug|Any CPU = Debug|Any CPU
		Release|Any CPU = Release|Any CPU
	EndGlobalSection
	GlobalSection(ProjectConfigurationPlatforms) = postSolution
		{F8ACDA46-3C9F-4927-BD88-8F8F2839E282}.Debug|Any CPU.ActiveCfg = Debug|Any CPU
		{F8ACDA46-3C9F-4927-BD88-8F8F2839E282}.Debug|Any CPU.Build.0 = Debug|Any CPU
		{F8ACDA46-3C9F-4927-BD88-8F8F2839E282}.Release|Any CPU.ActiveCfg = Release|Any CPU
		{F8ACDA46-3C9F-4927-BD88-8F8F2839E282}.Release|Any CPU.Build.0 = Release|Any CPU
	EndGlobalSection
	GlobalSection(SolutionProperties) = preSolution
		HideSolutionNode = FALSE
	EndGlobalSection
	GlobalSection(ExtensibilityGlobals) = postSolution
		SolutionGuid = {A2996A2D-F114-40B5-9C97-450A0229348E}
	EndGlobalSection
EndGlobal
